
Microsoft Visual Studio Solution File, Format Version 12.00
# Visual Studio 2012
Project("{FAE04EC0-301F-11D3-BF4B-00C04F79EFBC}") = "FastNetwork", "FastNetwork\FastNetwork.csproj", "{EAEF8B76-66B2-4502-88DE-19D80F016A6B}"
EndProject
Project("{FAE04EC0-301F-11D3-BF4B-00C04F79EFBC}") = "Test", "Test\Test.csproj", "{D91D5EF9-D0B2-41D0-BF9D-17CAD844EEF3}"
EndProject
Project("{FAE04EC0-301F-11D3-BF4B-00C04F79EFBC}") = "PluginEngine", "PluginEngine\PluginEngine.csproj", "{DC0FB9B6-C12C-42A6-B5B8-9CC2AB64A7E2}"
EndProject
Project("{FAE04EC0-301F-11D3-BF4B-00C04F79EFBC}") = "TestClient", "TestClient\TestClient.csproj", "{5EBAFC67-DC1A-4DA7-90F8-0B2F1A379700}"
EndProject
Global
	GlobalSection(SolutionConfigurationPlatforms) = preSolution
		Debug|Any CPU = Debug|Any CPU
		Release|Any CPU = Release|Any CPU
	EndGlobalSection
	GlobalSection(ProjectConfigurationPlatforms) = postSolution
		{EAEF8B76-66B2-4502-88DE-19D80F016A6B}.Debug|Any CPU.ActiveCfg = Debug|Any CPU
		{EAEF8B76-66B2-4502-88DE-19D80F016A6B}.Debug|Any CPU.Build.0 = Debug|Any CPU
		{EAEF8B76-66B2-4502-88DE-19D80F016A6B}.Release|Any CPU.ActiveCfg = Release|Any CPU
		{EAEF8B76-66B2-4502-88DE-19D80F016A6B}.Release|Any CPU.Build.0 = Release|Any CPU
		{D91D5EF9-D0B2-41D0-BF9D-17CAD844EEF3}.Debug|Any CPU.ActiveCfg = Debug|Any CPU
		{D91D5EF9-D0B2-41D0-BF9D-17CAD844EEF3}.Debug|Any CPU.Build.0 = Debug|Any CPU
		{D91D5EF9-D0B2-41D0-BF9D-17CAD844EEF3}.Release|Any CPU.ActiveCfg = Release|Any CPU
		{D91D5EF9-D0B2-41D0-BF9D-17CAD844EEF3}.Release|Any CPU.Build.0 = Release|Any CPU
		{DC0FB9B6-C12C-42A6-B5B8-9CC2AB64A7E2}.Debug|Any CPU.ActiveCfg = Debug|Any CPU
		{DC0FB9B6-C12C-42A6-B5B8-9CC2AB64A7E2}.Debug|Any CPU.Build.0 = Debug|Any CPU
		{DC0FB9B6-C12C-42A6-B5B8-9CC2AB64A7E2}.Release|Any CPU.ActiveCfg = Release|Any CPU
		{DC0FB9B6-C12C-42A6-B5B8-9CC2AB64A7E2}.Release|Any CPU.Build.0 = Release|Any CPU
		{5EBAFC67-DC1A-4DA7-90F8-0B2F1A379700}.Debug|Any CPU.ActiveCfg = Debug|Any CPU
		{5EBAFC67-DC1A-4DA7-90F8-0B2F1A379700}.Debug|Any CPU.Build.0 = Debug|Any CPU
		{5EBAFC67-DC1A-4DA7-90F8-0B2F1A379700}.Release|Any CPU.ActiveCfg = Release|Any CPU
		{5EBAFC67-DC1A-4DA7-90F8-0B2F1A379700}.Release|Any CPU.Build.0 = Release|Any CPU
	EndGlobalSection
	GlobalSection(SolutionProperties) = preSolution
		HideSolutionNode = FALSE
	EndGlobalSection
EndGlobal
